
Microsoft Visual Studio Solution File, Format Version 12.00
# Visual Studio 15
VisualStudioVersion = 15.0.27703.2026
MinimumVisualStudioVersion = 10.0.40219.1
Project("{888888A0-9F3D-457C-B088-3A5042F75D52}") = "ELCM", "ELCM\ELCM.pyproj", "{02C067F2-2A62-48AB-A942-8E6244F99CC4}"
EndProject
Global
	GlobalSection(SolutionConfigurationPlatforms) = preSolution
		Debug|Any CPU = Debug|Any CPU
		Release|Any CPU = Release|Any CPU
	EndGlobalSection
	GlobalSection(ProjectConfigurationPlatforms) = postSolution
		{02C067F2-2A62-48AB-A942-8E6244F99CC4}.Debug|Any CPU.ActiveCfg = Debug|Any CPU
		{02C067F2-2A62-48AB-A942-8E6244F99CC4}.Release|Any CPU.ActiveCfg = Release|Any CPU
	EndGlobalSection
	GlobalSection(SolutionProperties) = preSolution
		HideSolutionNode = FALSE
	EndGlobalSection
	GlobalSection(ExtensibilityGlobals) = postSolution
		SolutionGuid = {F538A9C4-75E7-4F61-A38B-5E2298FF6F33}
	EndGlobalSection
EndGlobal
